
Microsoft Visual Studio Solution File, Format Version 12.00
# Visual Studio Version 16
VisualStudioVersion = 16.0.32126.315
MinimumVisualStudioVersion = 10.0.40219.1
Project("{FAE04EC0-301F-11D3-BF4B-00C04F79EFBC}") = "Bankomat", "Bankomat.csproj", "{4AE6ED55-CEF8-4E86-A450-D06CDC8DEDEC}"
EndProject
Global
	GlobalSection(SolutionConfigurationPlatforms) = preSolution
		Debug|Any CPU = Debug|Any CPU
		Release|Any CPU = Release|Any CPU
	EndGlobalSection
	GlobalSection(ProjectConfigurationPlatforms) = postSolution
		{4AE6ED55-CEF8-4E86-A450-D06CDC8DEDEC}.Debug|Any CPU.ActiveCfg = Debug|Any CPU
		{4AE6ED55-CEF8-4E86-A450-D06CDC8DEDEC}.Debug|Any CPU.Build.0 = Debug|Any CPU
		{4AE6ED55-CEF8-4E86-A450-D06CDC8DEDEC}.Release|Any CPU.ActiveCfg = Release|Any CPU
		{4AE6ED55-CEF8-4E86-A450-D06CDC8DEDEC}.Release|Any CPU.Build.0 = Release|Any CPU
	EndGlobalSection
	GlobalSection(SolutionProperties) = preSolution
		HideSolutionNode = FALSE
	EndGlobalSection
	GlobalSection(ExtensibilityGlobals) = postSolution
		SolutionGuid = {68FC02B9-A94E-4435-8759-AB750726A144}
	EndGlobalSection
EndGlobal
